{
  "nodes": {
    "html-parse-src": {
      "flake": false,
      "locked": {
        "lastModified": 1744939271,
        "narHash": "sha256-GelrzfOjFyRCqoGbxra6R+2INsIPpoL/YlyOg2jL4Gc=",
        "owner": "bgamari",
        "repo": "html-parse",
        "rev": "bd354c36586406efbedf67650dbf17b57bec53ef",
        "type": "github"
      },
      "original": {
        "owner": "bgamari",
        "repo": "html-parse",
        "type": "github"
      }
    },
    "kvitable": {
      "inputs": {
        "html-parse-src": "html-parse-src",
        "levers": [
          "levers"
        ],
        "microlens-src": [
          "microlens-src"
        ],
        "named-text": [
          "named-text"
        ],
        "nixpkgs": [
          "nixpkgs"
        ],
        "parameterized-utils-src": [
          "parameterized-utils-src"
        ],
        "sayable": [
          "sayable"
        ],
        "tasty-checklist": [
          "tasty-checklist"
        ]
      },
      "locked": {
        "lastModified": 1789335926,
        "narHash": "sha256-4E16HP3NAOhSS3X+ZFmokc2jBiB9maDQlEuMtpvy+as=",
        "owner": "kquick",
        "repo": "kvitable",
        "rev": "0bbbda830d52e886e1f20a3e5becbed6de9e8c29",
        "type": "github"
      },
      "original": {
        "owner": "kquick",
        "repo": "kvitable",
        "type": "github"
      }
    },
    "levers": {
      "inputs": {
        "nixpkgs": [
          "nixpkgs"
        ]
      },
      "locked": {
        "lastModified": 1789330170,
        "narHash": "sha256-LfjfHsb1AVOB8k10Y3Tt1Wz8J5+mSuaQGm4LiPh8KdE=",
        "owner": "kquick",
        "repo": "nix-levers",
        "rev": "fea3a0f5a0e9edb04d0629cd7ba354b8c7a0e0a7",
        "type": "github"
      },
      "original": {
        "owner": "kquick",
        "repo": "nix-levers",
        "type": "github"
      }
    },
    "microlens-src": {
      "flake": false,
      "locked": {
        "lastModified": 1758506353,
        "narHash": "sha256-m4qQXZcHffx1OW1a6JVX3d/XzfSL9cFcTUR+O8yyFYo=",
        "owner": "stevenfontanella",
        "repo": "microlens",
        "rev": "7d509d465c54dba45b182f9c60452b3b3aa71d1a",
        "type": "github"
      },
      "original": {
        "owner": "stevenfontanella",
        "repo": "microlens",
        "type": "github"
      }
    },
    "named-text": {
      "inputs": {
        "levers": [
          "levers"
        ],
        "microlens-src": [
          "microlens-src"
        ],
        "nixpkgs": [
          "nixpkgs"
        ],
        "parameterized-utils-src": [
          "parameterized-utils-src"
        ],
        "sayable": [
          "sayable"
        ],
        "tasty-checklist": [
          "tasty-checklist"
        ]
      },
      "locked": {
        "lastModified": 1789336110,
        "narHash": "sha256-rgX5tToJSfXoscyoUA/m2YL8moFexGbkxENTUpCM0DQ=",
        "owner": "kquick",
        "repo": "named-text",
        "rev": "4703be5c3fa3c1fd52a387c91035743449474218",
        "type": "github"
      },
      "original": {
        "owner": "kquick",
        "repo": "named-text",
        "type": "github"
      }
    },
    "nixpkgs": {
      "locked": {
        "lastModified": 1789264731,
        "narHash": "sha256-llGJbC0CcU8DfROr6mZjRJgMLQd/SKwfpzxJH/2lHO4=",
        "owner": "nixos",
        "repo": "nixpkgs",
        "rev": "02f5696b0e6097e589076d886b317b83ff0437d7",
        "type": "github"
      },
      "original": {
        "owner": "nixos",
        "ref": "nixpkgs-unstable",
        "repo": "nixpkgs",
        "type": "github"
      }
    },
    "parameterized-utils-src": {
      "flake": false,
      "locked": {
        "lastModified": 1787844732,
        "narHash": "sha256-WvXo43B8A589sBMVzGQjg7vVTPAXMmPpvRfAuQxTLks=",
        "owner": "GaloisInc",
        "repo": "parameterized-utils",
        "rev": "0423981e27499d956ec084e8420b55ac49200c47",
        "type": "github"
      },
      "original": {
        "owner": "GaloisInc",
        "repo": "parameterized-utils",
        "type": "github"
      }
    },
    "root": {
      "inputs": {
        "kvitable": "kvitable",
        "levers": "levers",
        "microlens-src": "microlens-src",
        "named-text": "named-text",
        "nixpkgs": "nixpkgs",
        "parameterized-utils-src": "parameterized-utils-src",
        "sayable": "sayable",
        "tasty-checklist": "tasty-checklist"
      }
    },
    "sayable": {
      "inputs": {
        "levers": [
          "levers"
        ],
        "nixpkgs": [
          "nixpkgs"
        ]
      },
      "locked": {
        "lastModified": 1789334516,
        "narHash": "sha256-mVZvu6PLs0i84lUDOXbmWl9rFDom5NTvxemAS1NJsOg=",
        "owner": "kquick",
        "repo": "sayable",
        "rev": "b29d11fe2433cfab47001a8ab6b48fde542e4ea2",
        "type": "github"
      },
      "original": {
        "owner": "kquick",
        "repo": "sayable",
        "type": "github"
      }
    },
    "tasty-checklist": {
      "inputs": {
        "levers": [
          "levers"
        ],
        "microlens-src": [
          "microlens-src"
        ],
        "nixpkgs": [
          "nixpkgs"
        ],
        "parameterized-utils-src": [
          "parameterized-utils-src"
        ]
      },
      "locked": {
        "lastModified": 1789334712,
        "narHash": "sha256-v22NIJx8RbC4ygtCfxHAastrGIKOML6STJdG6GTo50Y=",
        "owner": "kquick",
        "repo": "tasty-checklist",
        "rev": "3df1fd9b9e613004b7de9a14c1767286c6b5243e",
        "type": "github"
      },
      "original": {
        "owner": "kquick",
        "repo": "tasty-checklist",
        "type": "github"
      }
    }
  },
  "root": "root",
  "version": 7
}
