{
  "nodes": {
    "html-parse-src": {
      "flake": false,
      "locked": {
        "lastModified": 1744939271,
        "narHash": "sha256-GelrzfOjFyRCqoGbxra6R+2INsIPpoL/YlyOg2jL4Gc=",
        "owner": "bgamari",
        "repo": "html-parse",
        "rev": "bd354c36586406efbedf67650dbf17b57bec53ef",
        "type": "github"
      },
      "original": {
        "owner": "bgamari",
        "repo": "html-parse",
        "type": "github"
      }
    },
    "kvitable": {
      "inputs": {
        "html-parse-src": "html-parse-src",
        "levers": [
          "levers"
        ],
        "microlens-src": [
          "microlens-src"
        ],
        "named-text": [
          "named-text"
        ],
        "nixpkgs": [
          "nixpkgs"
        ],
        "parameterized-utils-src": [
          "parameterized-utils-src"
        ],
        "sayable": [
          "sayable"
        ],
        "tasty-checklist": [
          "tasty-checklist"
        ]
      },
      "locked": {
        "lastModified": 1789389870,
        "narHash": "sha256-D1YSxh/5B1ESz1MrYzjExlQiy/DJnrPep11Y726Si9g=",
        "owner": "kquick",
        "repo": "kvitable",
        "rev": "375cae6895b034f757fe626970bfab77ebca9a78",
        "type": "github"
      },
      "original": {
        "owner": "kquick",
        "repo": "kvitable",
        "type": "github"
      }
    },
    "levers": {
      "inputs": {
        "nixpkgs": [
          "nixpkgs"
        ]
      },
      "locked": {
        "lastModified": 1789389391,
        "narHash": "sha256-uK1npRsrUasfC8r1i1x/KMfOg7FIdVw3oMizc1jol10=",
        "owner": "kquick",
        "repo": "nix-levers",
        "rev": "7a8007f54746e15c059242e4aa3f1ce9ef4e5d64",
        "type": "github"
      },
      "original": {
        "owner": "kquick",
        "repo": "nix-levers",
        "type": "github"
      }
    },
    "microlens-src": {
      "flake": false,
      "locked": {
        "lastModified": 1758506353,
        "narHash": "sha256-m4qQXZcHffx1OW1a6JVX3d/XzfSL9cFcTUR+O8yyFYo=",
        "owner": "stevenfontanella",
        "repo": "microlens",
        "rev": "7d509d465c54dba45b182f9c60452b3b3aa71d1a",
        "type": "github"
      },
      "original": {
        "owner": "stevenfontanella",
        "repo": "microlens",
        "type": "github"
      }
    },
    "named-text": {
      "inputs": {
        "levers": [
          "levers"
        ],
        "microlens-src": [
          "microlens-src"
        ],
        "nixpkgs": [
          "nixpkgs"
        ],
        "parameterized-utils-src": [
          "parameterized-utils-src"
        ],
        "sayable": [
          "sayable"
        ],
        "tasty-checklist": [
          "tasty-checklist"
        ]
      },
      "locked": {
        "lastModified": 1789389776,
        "narHash": "sha256-+BesfehduKjYdSzNwpSXkUTgmm83kI7SMyxQjvWy+4A=",
        "owner": "kquick",
        "repo": "named-text",
        "rev": "5f4dd703f167efa9f460301550cae950e735584f",
        "type": "github"
      },
      "original": {
        "owner": "kquick",
        "repo": "named-text",
        "type": "github"
      }
    },
    "nixpkgs": {
      "locked": {
        "lastModified": 1789264731,
        "narHash": "sha256-llGJbC0CcU8DfROr6mZjRJgMLQd/SKwfpzxJH/2lHO4=",
        "owner": "nixos",
        "repo": "nixpkgs",
        "rev": "02f5696b0e6097e589076d886b317b83ff0437d7",
        "type": "github"
      },
      "original": {
        "owner": "nixos",
        "ref": "nixpkgs-unstable",
        "repo": "nixpkgs",
        "type": "github"
      }
    },
    "parameterized-utils-src": {
      "flake": false,
      "locked": {
        "lastModified": 1787844732,
        "narHash": "sha256-WvXo43B8A589sBMVzGQjg7vVTPAXMmPpvRfAuQxTLks=",
        "owner": "GaloisInc",
        "repo": "parameterized-utils",
        "rev": "0423981e27499d956ec084e8420b55ac49200c47",
        "type": "github"
      },
      "original": {
        "owner": "GaloisInc",
        "repo": "parameterized-utils",
        "type": "github"
      }
    },
    "root": {
      "inputs": {
        "kvitable": "kvitable",
        "levers": "levers",
        "microlens-src": "microlens-src",
        "named-text": "named-text",
        "nixpkgs": "nixpkgs",
        "parameterized-utils-src": "parameterized-utils-src",
        "sayable": "sayable",
        "tasty-checklist": "tasty-checklist"
      }
    },
    "sayable": {
      "inputs": {
        "levers": [
          "levers"
        ],
        "nixpkgs": [
          "nixpkgs"
        ]
      },
      "locked": {
        "lastModified": 1789389588,
        "narHash": "sha256-6zBbUyOtzRhevJ7HRFdX1Frcm5JGPUFS9QFL7EOSmIk=",
        "owner": "kquick",
        "repo": "sayable",
        "rev": "9e7922630e1e23cb4900a5bc2f75af49576cc1d6",
        "type": "github"
      },
      "original": {
        "owner": "kquick",
        "repo": "sayable",
        "type": "github"
      }
    },
    "tasty-checklist": {
      "inputs": {
        "levers": [
          "levers"
        ],
        "microlens-src": [
          "microlens-src"
        ],
        "nixpkgs": [
          "nixpkgs"
        ],
        "parameterized-utils-src": [
          "parameterized-utils-src"
        ]
      },
      "locked": {
        "lastModified": 1789389662,
        "narHash": "sha256-CvjpYHoPpQikf0jRn/E1YdhPVW/Hq8Fg5bpFQDgO8C4=",
        "owner": "kquick",
        "repo": "tasty-checklist",
        "rev": "c822e87ef5412eef31a52e90e67c7d399531ffe6",
        "type": "github"
      },
      "original": {
        "owner": "kquick",
        "repo": "tasty-checklist",
        "type": "github"
      }
    }
  },
  "root": "root",
  "version": 7
}
