{
  "nodes": {
    "kvitable": {
      "inputs": {
        "levers": [
          "levers"
        ],
        "named-text": "named-text",
        "nixpkgs": [
          "nixpkgs"
        ],
        "parameterized-utils-src": [
          "parameterized-utils-src"
        ],
        "sayable": "sayable"
      },
      "locked": {
        "lastModified": 1762020605,
        "narHash": "sha256-WW7hI7yeHpnCXHJXbhJYzK4FxeKITGOZ2YyXRRoEsv4=",
        "owner": "kquick",
        "repo": "kvitable",
        "rev": "a0f4a32aa0043c3e3acc30e064ebf8f1539dfc6f",
        "type": "github"
      },
      "original": {
        "owner": "kquick",
        "repo": "kvitable",
        "type": "github"
      }
    },
    "levers": {
      "inputs": {
        "nixpkgs": [
          "nixpkgs"
        ]
      },
      "locked": {
        "lastModified": 1761565563,
        "narHash": "sha256-zDY31Ux4MTtPT2DrnAybo3SUhMjvlYbB74Diy5mi6J8=",
        "owner": "kquick",
        "repo": "nix-levers",
        "rev": "7917e3da83956b8b525957f9c4ff643903880c61",
        "type": "github"
      },
      "original": {
        "owner": "kquick",
        "repo": "nix-levers",
        "type": "github"
      }
    },
    "named-text": {
      "inputs": {
        "levers": [
          "kvitable",
          "levers"
        ],
        "nixpkgs": [
          "kvitable",
          "nixpkgs"
        ],
        "parameterized-utils-src": [
          "kvitable",
          "parameterized-utils-src"
        ],
        "sayable": [
          "kvitable",
          "sayable"
        ],
        "tasty-checklist": "tasty-checklist"
      },
      "locked": {
        "lastModified": 1762020526,
        "narHash": "sha256-qJtsumG/PXydYQnDjaUckR5RyWjzl9kkrX5SehEvxLg=",
        "owner": "kquick",
        "repo": "named-text",
        "rev": "574862c6c8696c12bee616913626ea4e3b0c61a7",
        "type": "github"
      },
      "original": {
        "owner": "kquick",
        "repo": "named-text",
        "type": "github"
      }
    },
    "nixpkgs": {
      "locked": {
        "lastModified": 1761349956,
        "narHash": "sha256-tH3wHnOJms+U4k/rK2Nn1RfBrhffX92jLP/2VndSn0w=",
        "owner": "nixos",
        "repo": "nixpkgs",
        "rev": "02f2cb8e0feb4596d20cc52fda73ccee960e3538",
        "type": "github"
      },
      "original": {
        "owner": "nixos",
        "ref": "nixpkgs-unstable",
        "repo": "nixpkgs",
        "type": "github"
      }
    },
    "parameterized-utils-src": {
      "flake": false,
      "locked": {
        "lastModified": 1757597308,
        "narHash": "sha256-fwZLglQthgfdd/MvCU1b6zpGHTpYPVVxnd85Yvd6gH4=",
        "owner": "GaloisInc",
        "repo": "parameterized-utils",
        "rev": "ebd59241828a97e06af6f8eeead0968a90108256",
        "type": "github"
      },
      "original": {
        "owner": "GaloisInc",
        "repo": "parameterized-utils",
        "type": "github"
      }
    },
    "root": {
      "inputs": {
        "kvitable": "kvitable",
        "levers": "levers",
        "nixpkgs": "nixpkgs",
        "parameterized-utils-src": "parameterized-utils-src"
      }
    },
    "sayable": {
      "inputs": {
        "levers": [
          "kvitable",
          "levers"
        ],
        "nixpkgs": [
          "kvitable",
          "nixpkgs"
        ]
      },
      "locked": {
        "lastModified": 1762015650,
        "narHash": "sha256-WF4ME1iNNpuD8lT+HyPBaL4GXfjQK3n4v4k/XyYytFQ=",
        "owner": "kquick",
        "repo": "sayable",
        "rev": "251b6533971a5395fdb42d3d23df601b957a80a2",
        "type": "github"
      },
      "original": {
        "owner": "kquick",
        "repo": "sayable",
        "type": "github"
      }
    },
    "tasty-checklist": {
      "inputs": {
        "levers": [
          "kvitable",
          "named-text",
          "levers"
        ],
        "nixpkgs": [
          "kvitable",
          "named-text",
          "nixpkgs"
        ],
        "parameterized-utils-src": [
          "kvitable",
          "named-text",
          "parameterized-utils-src"
        ]
      },
      "locked": {
        "lastModified": 1761568218,
        "narHash": "sha256-9Qgmzeq25XeysQs/7U9nTfmRO4H3cuAueR9TWv40viw=",
        "owner": "kquick",
        "repo": "tasty-checklist",
        "rev": "1022211d94f9713c4c87327a1a008d19955d03b9",
        "type": "github"
      },
      "original": {
        "owner": "kquick",
        "repo": "tasty-checklist",
        "type": "github"
      }
    }
  },
  "root": "root",
  "version": 7
}
